
Microsoft Visual Studio Solution File, Format Version 12.00
# Visual Studio Version 16
VisualStudioVersion = 16.0.31911.196
MinimumVisualStudioVersion = 10.0.40219.1
Project("{FAE04EC0-301F-11D3-BF4B-00C04F79EFBC}") = "exp4", "exp4\exp4.csproj", "{8FD84DA8-94FA-43DD-BBEB-2EAE66651219}"
EndProject
Global
	GlobalSection(SolutionConfigurationPlatforms) = preSolution
		Debug|Any CPU = Debug|Any CPU
		Release|Any CPU = Release|Any CPU
	EndGlobalSection
	GlobalSection(ProjectConfigurationPlatforms) = postSolution
		{8FD84DA8-94FA-43DD-BBEB-2EAE66651219}.Debug|Any CPU.ActiveCfg = Debug|Any CPU
		{8FD84DA8-94FA-43DD-BBEB-2EAE66651219}.Debug|Any CPU.Build.0 = Debug|Any CPU
		{8FD84DA8-94FA-43DD-BBEB-2EAE66651219}.Release|Any CPU.ActiveCfg = Release|Any CPU
		{8FD84DA8-94FA-43DD-BBEB-2EAE66651219}.Release|Any CPU.Build.0 = Release|Any CPU
	EndGlobalSection
	GlobalSection(SolutionProperties) = preSolution
		HideSolutionNode = FALSE
	EndGlobalSection
	GlobalSection(ExtensibilityGlobals) = postSolution
		SolutionGuid = {2431A8BF-F452-4902-A4AF-08F1179A856D}
	EndGlobalSection
EndGlobal
